
Microsoft Visual Studio Solution File, Format Version 12.00
# Visual Studio Version 17
VisualStudioVersion = 17.7.34003.232
MinimumVisualStudioVersion = 10.0.40219.1
Project("{FAE04EC0-301F-11D3-BF4B-00C04F79EFBC}") = "RazorPages", "RazorPages\RazorPages.csproj", "{054EF00E-36E7-43A2-A385-0367DDBC5666}"
EndProject
Global
	GlobalSection(SolutionConfigurationPlatforms) = preSolution
		Debug|Any CPU = Debug|Any CPU
		Release|Any CPU = Release|Any CPU
	EndGlobalSection
	GlobalSection(ProjectConfigurationPlatforms) = postSolution
		{054EF00E-36E7-43A2-A385-0367DDBC5666}.Debug|Any CPU.ActiveCfg = Debug|Any CPU
		{054EF00E-36E7-43A2-A385-0367DDBC5666}.Debug|Any CPU.Build.0 = Debug|Any CPU
		{054EF00E-36E7-43A2-A385-0367DDBC5666}.Release|Any CPU.ActiveCfg = Release|Any CPU
		{054EF00E-36E7-43A2-A385-0367DDBC5666}.Release|Any CPU.Build.0 = Release|Any CPU
	EndGlobalSection
	GlobalSection(SolutionProperties) = preSolution
		HideSolutionNode = FALSE
	EndGlobalSection
	GlobalSection(ExtensibilityGlobals) = postSolution
		SolutionGuid = {B5824AFC-3E50-47AE-9884-F1E288E034C6}
	EndGlobalSection
EndGlobal
